{
  "nodes": {
    "disko": {
      "inputs": {
        "nixpkgs": [
          "nixpkgs"
        ]
      },
      "locked": {
        "lastModified": 1718846788,
        "narHash": "sha256-9dtXYtEkmXoUJV+PGLqscqF7qTn4AIhAKpFWRFU2NYs=",
        "owner": "nix-community",
        "repo": "disko",
        "rev": "e1174d991944a01eaaa04bc59c6281edca4c0e6e",
        "type": "github"
      },
      "original": {
        "owner": "nix-community",
        "repo": "disko",
        "type": "github"
      }
    },
    "home-manager": {
      "inputs": {
        "nixpkgs": [
          "nixpkgs"
        ]
      },
      "locked": {
        "lastModified": 1718788307,
        "narHash": "sha256-SqiOz0sljM0GjyQEVinPXQxaGcbOXw5OgpCWGPgh/vo=",
        "owner": "nix-community",
        "repo": "home-manager",
        "rev": "d7830d05421d0ced83a0f007900898bdcaf2a2ca",
        "type": "github"
      },
      "original": {
        "owner": "nix-community",
        "repo": "home-manager",
        "type": "github"
      }
    },
    "impermanence": {
      "locked": {
        "lastModified": 1717932370,
        "narHash": "sha256-7C5lCpiWiyPoIACOcu2mukn/1JRtz6HC/1aEMhUdcw0=",
        "owner": "nix-community",
        "repo": "impermanence",
        "rev": "27979f1c3a0d3b9617a3563e2839114ba7d48d3f",
        "type": "github"
      },
      "original": {
        "owner": "nix-community",
        "repo": "impermanence",
        "type": "github"
      }
    },
    "nixpkgs": {
      "locked": {
        "lastModified": 1718714799,
        "narHash": "sha256-FUZpz9rg3gL8NVPKbqU8ei1VkPLsTIfAJ2fdAf5qjak=",
        "owner": "nixos",
        "repo": "nixpkgs",
        "rev": "c00d587b1a1afbf200b1d8f0b0e4ba9deb1c7f0e",
        "type": "github"
      },
      "original": {
        "owner": "nixos",
        "ref": "nixos-unstable",
        "repo": "nixpkgs",
        "type": "github"
      }
    },
    "root": {
      "inputs": {
        "disko": "disko",
        "home-manager": "home-manager",
        "impermanence": "impermanence",
        "nixpkgs": "nixpkgs",
        "zsh-autocomplete": "zsh-autocomplete"
      }
    },
    "zsh-autocomplete": {
      "flake": false,
      "locked": {
        "lastModified": 1717594845,
        "narHash": "sha256-QcPNXpTFRI59Oi59WP4XlC+xMyN6aHRPF4UpJ6E1vok=",
        "owner": "marlonrichert",
        "repo": "zsh-autocomplete",
        "rev": "cfc3fd9a75d0577aa9d65e35849f2d8c2719b873",
        "type": "github"
      },
      "original": {
        "owner": "marlonrichert",
        "ref": "main",
        "repo": "zsh-autocomplete",
        "type": "github"
      }
    }
  },
  "root": "root",
  "version": 7
}
